# THIS IS AN AUTOGENERATED FILE. DO NOT EDIT THIS FILE DIRECTLY.
# yarn lockfile v1


lucide-vue-next@^0.544.0:
  version "0.544.0"
  resolved "https://registry.yarnpkg.com/lucide-vue-next/-/lucide-vue-next-0.544.0.tgz#0830faaf2e10a5709a4990ef7fe2fe0ccddb6d88"
  integrity sha512-mDp/AdGOPIDkpFHnFiTWgQgCST9aBXHVaiobZfOMIvv7nrOukzF/TP+7KoOwrngdWRaH9TMiepMBIX1vsgKJ3g==
